github.com/google/go-cmp v0.5.5 h1:Khx7svrCpmxxtHBq5j2mp/xVjsi8hQMfNLvJFAlrGgU=
github.com/google/go-cmp v0.5.5/go.mod h1:v8dTdLbMG2kIc/vJvl+f65V22dbkXbowE6jgT/gNBxE=
github.com/google/go-cmp v0.5.8 h1:e6P7q2lk1O+qJJb4BtCQXlK8vWEO8V1ZeuEdJNOqZyg=
github.com/in-toto/attestation v1.1.0 h1:oRWzfmZPDSctChD0VaQV7MJrywKOzyNrtpENQFq//2Q=
github.com/in-toto/attestation v1.1.0/go.mod h1:DB59ytd3z7cIHgXxwpSX2SABrU6WJUKg/grpdgHVgVs=
github.com/sigstore/protobuf-specs v0.3.2 h1:nCVARCN+fHjlNCk3ThNXwrZRqIommIeNKWwQvORuRQo=
github.com/sigstore/protobuf-specs v0.3.2/go.mod h1:RZ0uOdJR4OB3tLQeAyWoJFbNCBFrPQdcokntde4zRBA=
golang.org/x/xerrors v0.0.0-20191204190536-9bdfabe68543 h1:E7g+9GITq07hpfrRu66IVDexMakfv52eLZ2CXBWiKr4=
golang.org/x/xerrors v0.0.0-20191204190536-9bdfabe68543/go.mod h1:I/5z698sn9Ka8TeJc9MKroUUfqBBauWjQqLJ2OPfmY0=
google.golang.org/protobuf v1.36.0 h1:mjIs9gYtt56AzC4ZaffQuh88TZurBGhIJMBZGSxNerQ=
google.golang.org/protobuf v1.36.0/go.mod h1:9fA7Ob0pmnwhb644+1+CVWFRbNajQ6iRojtC/QF5bRE=
